
Microsoft Visual Studio Solution File, Format Version 12.00
# Visual Studio Version 17
VisualStudioVersion = 17.1.32421.90
MinimumVisualStudioVersion = 10.0.40219.1
Project("{9A19103F-16F7-4668-BE54-9A1E7A4F7556}") = "WebApiMusicPro", "WebApiMusicPro\WebApiMusicPro.csproj", "{6A126D7B-E8E3-4371-8160-1ABA3BB70C4A}"
EndProject
Project("{9A19103F-16F7-4668-BE54-9A1E7A4F7556}") = "MusicProWeb", "MusicProWeb\MusicProWeb.csproj", "{9D32500F-7AE6-4BE5-864A-CE95AA762976}"
EndProject
Global
	GlobalSection(SolutionConfigurationPlatforms) = preSolution
		Debug|Any CPU = Debug|Any CPU
		Release|Any CPU = Release|Any CPU
	EndGlobalSection
	GlobalSection(ProjectConfigurationPlatforms) = postSolution
		{6A126D7B-E8E3-4371-8160-1ABA3BB70C4A}.Debug|Any CPU.ActiveCfg = Debug|Any CPU
		{6A126D7B-E8E3-4371-8160-1ABA3BB70C4A}.Debug|Any CPU.Build.0 = Debug|Any CPU
		{6A126D7B-E8E3-4371-8160-1ABA3BB70C4A}.Release|Any CPU.ActiveCfg = Release|Any CPU
		{6A126D7B-E8E3-4371-8160-1ABA3BB70C4A}.Release|Any CPU.Build.0 = Release|Any CPU
		{9D32500F-7AE6-4BE5-864A-CE95AA762976}.Debug|Any CPU.ActiveCfg = Debug|Any CPU
		{9D32500F-7AE6-4BE5-864A-CE95AA762976}.Debug|Any CPU.Build.0 = Debug|Any CPU
		{9D32500F-7AE6-4BE5-864A-CE95AA762976}.Release|Any CPU.ActiveCfg = Release|Any CPU
		{9D32500F-7AE6-4BE5-864A-CE95AA762976}.Release|Any CPU.Build.0 = Release|Any CPU
	EndGlobalSection
	GlobalSection(SolutionProperties) = preSolution
		HideSolutionNode = FALSE
	EndGlobalSection
	GlobalSection(ExtensibilityGlobals) = postSolution
		SolutionGuid = {B21E4777-E110-4801-9EC4-9DC06E56DD2D}
	EndGlobalSection
EndGlobal
